
Microsoft Visual Studio Solution File, Format Version 12.00
# Visual Studio Version 17
VisualStudioVersion = 17.3.32929.385
MinimumVisualStudioVersion = 10.0.40219.1
Project("{FAE04EC0-301F-11D3-BF4B-00C04F79EFBC}") = "MVC_UI_PlakDukkani_TA", "MVC_UI_PlakDukkani_TA\MVC_UI_PlakDukkani_TA.csproj", "{CCE1CDB6-F7D0-4627-ABBC-755C90B71FCC}"
EndProject
Project("{FAE04EC0-301F-11D3-BF4B-00C04F79EFBC}") = "EF_Entities_TA", "EF_Entities_TA\EF_Entities_TA.csproj", "{988F829D-F816-4268-BAA0-E9E263C34F93}"
EndProject
Project("{FAE04EC0-301F-11D3-BF4B-00C04F79EFBC}") = "Win_UI", "Win_UI\Win_UI.csproj", "{91E7ABD5-3D32-4A8A-80C1-0F5AA155C4DC}"
EndProject
Global
	GlobalSection(SolutionConfigurationPlatforms) = preSolution
		Debug|Any CPU = Debug|Any CPU
		Release|Any CPU = Release|Any CPU
	EndGlobalSection
	GlobalSection(ProjectConfigurationPlatforms) = postSolution
		{CCE1CDB6-F7D0-4627-ABBC-755C90B71FCC}.Debug|Any CPU.ActiveCfg = Debug|Any CPU
		{CCE1CDB6-F7D0-4627-ABBC-755C90B71FCC}.Debug|Any CPU.Build.0 = Debug|Any CPU
		{CCE1CDB6-F7D0-4627-ABBC-755C90B71FCC}.Release|Any CPU.ActiveCfg = Release|Any CPU
		{CCE1CDB6-F7D0-4627-ABBC-755C90B71FCC}.Release|Any CPU.Build.0 = Release|Any CPU
		{988F829D-F816-4268-BAA0-E9E263C34F93}.Debug|Any CPU.ActiveCfg = Debug|Any CPU
		{988F829D-F816-4268-BAA0-E9E263C34F93}.Debug|Any CPU.Build.0 = Debug|Any CPU
		{988F829D-F816-4268-BAA0-E9E263C34F93}.Release|Any CPU.ActiveCfg = Release|Any CPU
		{988F829D-F816-4268-BAA0-E9E263C34F93}.Release|Any CPU.Build.0 = Release|Any CPU
		{91E7ABD5-3D32-4A8A-80C1-0F5AA155C4DC}.Debug|Any CPU.ActiveCfg = Debug|Any CPU
		{91E7ABD5-3D32-4A8A-80C1-0F5AA155C4DC}.Debug|Any CPU.Build.0 = Debug|Any CPU
		{91E7ABD5-3D32-4A8A-80C1-0F5AA155C4DC}.Release|Any CPU.ActiveCfg = Release|Any CPU
		{91E7ABD5-3D32-4A8A-80C1-0F5AA155C4DC}.Release|Any CPU.Build.0 = Release|Any CPU
	EndGlobalSection
	GlobalSection(SolutionProperties) = preSolution
		HideSolutionNode = FALSE
	EndGlobalSection
	GlobalSection(ExtensibilityGlobals) = postSolution
		SolutionGuid = {8874EC46-1D22-4D8C-9A75-DC60C843F279}
	EndGlobalSection
EndGlobal
